{
  "version": "3",
  "remote": {
    "https://deno.land/std@0.212.0/assert/assert.ts": "bec068b2fccdd434c138a555b19a2c2393b71dfaada02b7d568a01541e67cdc5",
    "https://deno.land/std@0.212.0/assert/assertion_error.ts": "9f689a101ee586c4ce92f52fa7ddd362e86434ffdf1f848e45987dc7689976b8",
    "https://deno.land/std@0.212.0/bytes/concat.ts": "9cac3b4376afbef98ff03588eb3cf948e0d1eb6c27cfe81a7651ab6dd3adc54a",
    "https://deno.land/std@0.212.0/bytes/copy.ts": "f29c03168853720dfe82eaa57793d0b9e3543ebfe5306684182f0f1e3bfd422a",
    "https://deno.land/std@0.212.0/io/_common.ts": "36705cdb4dfcd338d6131bca1b16e48a4d5bf0d1dada6ce397268e88c17a5835",
    "https://deno.land/std@0.212.0/io/_constants.ts": "3c7ad4695832e6e4a32e35f218c70376b62bc78621ef069a4a0a3d55739f8856",
    "https://deno.land/std@0.212.0/io/buf_reader.ts": "ccbd43ace0a9eebbd5e1b4765724b79da79d1e28b90c2b08537b99192da4a1f7",
    "https://deno.land/std@0.212.0/io/buf_writer.ts": "bf68b9c74b1bccf51b9960c54db5eec60e7e3d922c7c62781b0d3971770021ba",
    "https://deno.land/std@0.212.0/io/buffer.ts": "e3a05e28d04c4458a4be6df8b9ea329ce250be447eb6062ff64b2c0cfee1ed52",
    "https://deno.land/std@0.212.0/io/copy.ts": "63c6a4acf71fb1e89f5e47a7b3b2972f9d2c56dd645560975ead72db7eb23f61",
    "https://deno.land/std@0.212.0/io/copy_n.ts": "e4a169b8965b69e6a05175d06bf14565caa91266143ec895e54e95b6cdb27cf2",
    "https://deno.land/std@0.212.0/io/limited_reader.ts": "2b3e6c2d134bbbabbc918584db5fd2f8b21091843357f75af0d9f262cb5c94c1",
    "https://deno.land/std@0.212.0/io/mod.ts": "571384032c5f60530542a28f2e8b0e73e47e87eca77056ba7e2363f4d4a4573a",
    "https://deno.land/std@0.212.0/io/multi_reader.ts": "ca8a7813208a3393dfaed75894d955fe58a38c21b880e69839a4e0547eadbf61",
    "https://deno.land/std@0.212.0/io/read_all.ts": "cd2f127471489d288f8b14405b851ed61301470aacb4d71507ae5202c86f3837",
    "https://deno.land/std@0.212.0/io/read_delim.ts": "fb0884d97adc398877c6f59e1d1450be12e078790f52845fae7876dc119bb8f6",
    "https://deno.land/std@0.212.0/io/read_int.ts": "6ada4e0eec5044982df530e4de804e32ae757a2c318b57eba622d893841ffe2a",
    "https://deno.land/std@0.212.0/io/read_lines.ts": "34555eaa25269f6cfb9a842a03daedc9eae4f8295c8f933bd2b1639274ce89e3",
    "https://deno.land/std@0.212.0/io/read_long.ts": "199cba44526464f8499e1f3d96008d513bcadc8e5665356a9b84425cac6b16ad",
    "https://deno.land/std@0.212.0/io/read_range.ts": "a0c930ea61fdc3ea5520be4df34a7927fe8a2d6da9b04bfaa7b9588ef2e1a718",
    "https://deno.land/std@0.212.0/io/read_short.ts": "73777709ad41b6faeff3638c275a329cc820c1082f4dad07909f48875a35a71d",
    "https://deno.land/std@0.212.0/io/read_string_delim.ts": "8c604ceea5c3c7ab244583570b467ce194238ace6d49b1d47f25d4f75de86d59",
    "https://deno.land/std@0.212.0/io/slice_long_to_bytes.ts": "9769174a8f3b4449f1e1af1a79f78e58ef84d0aaf2f457e1fdc31a01f92439b7",
    "https://deno.land/std@0.212.0/io/string_reader.ts": "b0176211e61e235a684abef722e7ecc7a6481238ba264f1a7b199b8a1d2a62f5",
    "https://deno.land/std@0.212.0/io/string_writer.ts": "92eed40be6413fea0788baeaf39aa86415d103e211f234d217e34dbbb76e3220",
    "https://deno.land/std@0.212.0/io/to_readable_stream.ts": "ed03a44a1ec1cc55a85a857acf6cac472035298f6f3b6207ea209f93b4aefb39",
    "https://deno.land/std@0.212.0/io/to_writable_stream.ts": "ef422e0425963c8a1e0481674e66c3023da50f0acbe5ef51ec9789efc3c1e2ed",
    "https://deno.land/std@0.212.0/io/types.ts": "748bbb3ac96abda03594ef5a0db15ce5450dcc6c0d841c8906f8b10ac8d32c96",
    "https://deno.land/std@0.212.0/io/write_all.ts": "3ade4c6f5857708051120e4f48967e3113d7bbf77d6f9e0e50180353ea10c4c0"
  }
}
